// !$*UTF8*$!
{
	archiveVersion = 1;
	classes = {
	};
	objectVersion = 50;
	objects = {

/* Begin PBXBuildFile section */
		273041E12270BBF000CE4F8E /* AppDelegate.swift in Sources */ = {isa = PBXBuildFile; fileRef = 273041E02270BBF000CE4F8E /* AppDelegate.swift */; };
		273041E32270BBF000CE4F8E /* ViewController.swift in Sources */ = {isa = PBXBuildFile; fileRef = 273041E22270BBF000CE4F8E /* ViewController.swift */; };
		273041E62270BBF000CE4F8E /* Main.storyboard in Resources */ = {isa = PBXBuildFile; fileRef = 273041E42270BBF000CE4F8E /* Main.storyboard */; };
		273041E82270BBF000CE4F8E /* Assets.xcassets in Resources */ = {isa = PBXBuildFile; fileRef = 273041E72270BBF000CE4F8E /* Assets.xcassets */; };
		273041EB2270BBF100CE4F8E /* LaunchScreen.storyboard in Resources */ = {isa = PBXBuildFile; fileRef = 273041E92270BBF100CE4F8E /* LaunchScreen.storyboard */; };
		273041F62270C71600CE4F8E /* GoogleService-Info.plist in Resources */ = {isa = PBXBuildFile; fileRef = 273041F42270C2B500CE4F8E /* GoogleService-Info.plist */; };
		273041F82270CC6600CE4F8E /* ViewControllerTableViewCell.swift in Sources */ = {isa = PBXBuildFile; fileRef = 273041F72270CC6600CE4F8E /* ViewControllerTableViewCell.swift */; };
		27827BE0227299C300592CFB /* Water.swift in Sources */ = {isa = PBXBuildFile; fileRef = 27827BDF227299C300592CFB /* Water.swift */; };
		27D9116322717EB700404482 /* Car.swift in Sources */ = {isa = PBXBuildFile; fileRef = 27D9116222717EB700404482 /* Car.swift */; };
		6A6A36A2D2EDB70A8A13723A /* Pods_Agua.framework in Frameworks */ = {isa = PBXBuildFile; fileRef = 661F95195BB991707706D728 /* Pods_Agua.framework */; };
/* End PBXBuildFile section */

/* Begin PBXFileReference section */
		1D25970E0199368C2D05128E /* Pods-Agua.debug.xcconfig */ = {isa = PBXFileReference; includeInIndex = 1; lastKnownFileType = text.xcconfig; name = "Pods-Agua.debug.xcconfig"; path = "Target Support Files/Pods-Agua/Pods-Agua.debug.xcconfig"; sourceTree = "<group>"; };
		273041DD2270BBF000CE4F8E /* Agua.app */ = {isa = PBXFileReference; explicitFileType = wrapper.application; includeInIndex = 0; path = Agua.app; sourceTree = BUILT_PRODUCTS_DIR; };
		273041E02270BBF000CE4F8E /* AppDelegate.swift */ = {isa = PBXFileReference; lastKnownFileType = sourcecode.swift; path = AppDelegate.swift; sourceTree = "<group>"; };
		273041E22270BBF000CE4F8E /* ViewController.swift */ = {isa = PBXFileReference; lastKnownFileType = sourcecode.swift; path = ViewController.swift; sourceTree = "<group>"; };
		273041E52270BBF000CE4F8E /* Base */ = {isa = PBXFileReference; lastKnownFileType = file.storyboard; name = Base; path = Base.lproj/Main.storyboard; sourceTree = "<group>"; };
		273041E72270BBF000CE4F8E /* Assets.xcassets */ = {isa = PBXFileReference; lastKnownFileType = folder.assetcatalog; path = Assets.xcassets; sourceTree = "<group>"; };
		273041EA2270BBF100CE4F8E /* Base */ = {isa = PBXFileReference; lastKnownFileType = file.storyboard; name = Base; path = Base.lproj/LaunchScreen.storyboard; sourceTree = "<group>"; };
		273041EC2270BBF100CE4F8E /* Info.plist */ = {isa = PBXFileReference; lastKnownFileType = text.plist.xml; path = Info.plist; sourceTree = "<group>"; };
		273041F42270C2B500CE4F8E /* GoogleService-Info.plist */ = {isa = PBXFileReference; fileEncoding = 4; lastKnownFileType = text.plist.xml; path = "GoogleService-Info.plist"; sourceTree = "<group>"; };
		273041F72270CC6600CE4F8E /* ViewControllerTableViewCell.swift */ = {isa = PBXFileReference; lastKnownFileType = sourcecode.swift; path = ViewControllerTableViewCell.swift; sourceTree = "<group>"; };
		27827BDF227299C300592CFB /* Water.swift */ = {isa = PBXFileReference; lastKnownFileType = sourcecode.swift; path = Water.swift; sourceTree = "<group>"; };
		27D9116222717EB700404482 /* Car.swift */ = {isa = PBXFileReference; lastKnownFileType = sourcecode.swift; path = Car.swift; sourceTree = "<group>"; };
		661F95195BB991707706D728 /* Pods_Agua.framework */ = {isa = PBXFileReference; explicitFileType = wrapper.framework; includeInIndex = 0; path = Pods_Agua.framework; sourceTree = BUILT_PRODUCTS_DIR; };
		EAF569382A8A9981D643A3AB /* Pods-Agua.release.xcconfig */ = {isa = PBXFileReference; includeInIndex = 1; lastKnownFileType = text.xcconfig; name = "Pods-Agua.release.xcconfig"; path = "Target Support Files/Pods-Agua/Pods-Agua.release.xcconfig"; sourceTree = "<group>"; };
/* End PBXFileReference section */

/* Begin PBXFrameworksBuildPhase section */
		273041DA2270BBF000CE4F8E /* Frameworks */ = {
			isa = PBXFrameworksBuildPhase;
			buildActionMask = 2147483647;
			files = (
				6A6A36A2D2EDB70A8A13723A /* Pods_Agua.framework in Frameworks */,
			);
			runOnlyForDeploymentPostprocessing = 0;
		};
/* End PBXFrameworksBuildPhase section */

/* Begin PBXGroup section */
		273041D42270BBF000CE4F8E = {
			isa = PBXGroup;
			children = (
				273041DF2270BBF000CE4F8E /* Agua */,
				273041DE2270BBF000CE4F8E /* Products */,
				C555E08937B8C822090ADCC8 /* Pods */,
				ED78236FEA0C280868D6C105 /* Frameworks */,
			);
			sourceTree = "<group>";
		};
		273041DE2270BBF000CE4F8E /* Products */ = {
			isa = PBXGroup;
			children = (
				273041DD2270BBF000CE4F8E /* Agua.app */,
			);
			name = Products;
			sourceTree = "<group>";
		};
		273041DF2270BBF000CE4F8E /* Agua */ = {
			isa = PBXGroup;
			children = (
				273041F42270C2B500CE4F8E /* GoogleService-Info.plist */,
				273041E02270BBF000CE4F8E /* AppDelegate.swift */,
				27827BDF227299C300592CFB /* Water.swift */,
				273041E22270BBF000CE4F8E /* ViewController.swift */,
				273041E42270BBF000CE4F8E /* Main.storyboard */,
				273041F72270CC6600CE4F8E /* ViewControllerTableViewCell.swift */,
				273041E72270BBF000CE4F8E /* Assets.xcassets */,
				273041E92270BBF100CE4F8E /* LaunchScreen.storyboard */,
				273041EC2270BBF100CE4F8E /* Info.plist */,
				27D9116222717EB700404482 /* Car.swift */,
			);
			path = Agua;
			sourceTree = "<group>";
		};
		C555E08937B8C822090ADCC8 /* Pods */ = {
			isa = PBXGroup;
			children = (
				1D25970E0199368C2D05128E /* Pods-Agua.debug.xcconfig */,
				EAF569382A8A9981D643A3AB /* Pods-Agua.release.xcconfig */,
			);
			path = Pods;
			sourceTree = "<group>";
		};
		ED78236FEA0C280868D6C105 /* Frameworks */ = {
			isa = PBXGroup;
			children = (
				661F95195BB991707706D728 /* Pods_Agua.framework */,
			);
			name = Frameworks;
			sourceTree = "<group>";
		};
/* End PBXGroup section */

/* Begin PBXNativeTarget section */
		273041DC2270BBF000CE4F8E /* Agua */ = {
			isa = PBXNativeTarget;
			buildConfigurationList = 273041EF2270BBF100CE4F8E /* Build configuration list for PBXNativeTarget "Agua" */;
			buildPhases = (
				F07FAB00D5C45377B66C1CFD /* [CP] Check Pods Manifest.lock */,
				273041D92270BBF000CE4F8E /* Sources */,
				273041DA2270BBF000CE4F8E /* Frameworks */,
				273041DB2270BBF000CE4F8E /* Resources */,
				6983ED06F83CA813D9E8ABEF /* [CP] Embed Pods Frameworks */,
			);
			buildRules = (
			);
			dependencies = (
			);
			name = Agua;
			productName = RutinaGymApp;
			productReference = 273041DD2270BBF000CE4F8E /* Agua.app */;
			productType = "com.apple.product-type.application";
		};
/* End PBXNativeTarget section */

/* Begin PBXProject section */
		273041D52270BBF000CE4F8E /* Project object */ = {
			isa = PBXProject;
			attributes = {
				LastSwiftUpdateCheck = 1020;
				LastUpgradeCheck = 1020;
				ORGANIZATIONNAME = UTNG;
				TargetAttributes = {
					273041DC2270BBF000CE4F8E = {
						CreatedOnToolsVersion = 10.2.1;
					};
				};
			};
			buildConfigurationList = 273041D82270BBF000CE4F8E /* Build configuration list for PBXProject "Agua" */;
			compatibilityVersion = "Xcode 9.3";
			developmentRegion = en;
			hasScannedForEncodings = 0;
			knownRegions = (
				en,
				Base,
			);
			mainGroup = 273041D42270BBF000CE4F8E;
			productRefGroup = 273041DE2270BBF000CE4F8E /* Products */;
			projectDirPath = "";
			projectRoot = "";
			targets = (
				273041DC2270BBF000CE4F8E /* Agua */,
			);
		};
/* End PBXProject section */

/* Begin PBXResourcesBuildPhase section */
		273041DB2270BBF000CE4F8E /* Resources */ = {
			isa = PBXResourcesBuildPhase;
			buildActionMask = 2147483647;
			files = (
				273041EB2270BBF100CE4F8E /* LaunchScreen.storyboard in Resources */,
				273041F62270C71600CE4F8E /* GoogleService-Info.plist in Resources */,
				273041E82270BBF000CE4F8E /* Assets.xcassets in Resources */,
				273041E62270BBF000CE4F8E /* Main.storyboard in Resources */,
			);
			runOnlyForDeploymentPostprocessing = 0;
		};
/* End PBXResourcesBuildPhase section */

/* Begin PBXShellScriptBuildPhase section */
		6983ED06F83CA813D9E8ABEF /* [CP] Embed Pods Frameworks */ = {
			isa = PBXShellScriptBuildPhase;
			buildActionMask = 2147483647;
			files = (
			);
			inputFileListPaths = (
			);
			inputPaths = (
				"${PODS_ROOT}/Target Support Files/Pods-Agua/Pods-Agua-frameworks.sh",
				"${BUILT_PRODUCTS_DIR}/GoogleUtilities/GoogleUtilities.framework",
				"${BUILT_PRODUCTS_DIR}/leveldb-library/leveldb.framework",
				"${BUILT_PRODUCTS_DIR}/nanopb/nanopb.framework",
			);
			name = "[CP] Embed Pods Frameworks";
			outputFileListPaths = (
			);
			outputPaths = (
				"${TARGET_BUILD_DIR}/${FRAMEWORKS_FOLDER_PATH}/GoogleUtilities.framework",
				"${TARGET_BUILD_DIR}/${FRAMEWORKS_FOLDER_PATH}/leveldb.framework",
				"${TARGET_BUILD_DIR}/${FRAMEWORKS_FOLDER_PATH}/nanopb.framework",
			);
			runOnlyForDeploymentPostprocessing = 0;
			shellPath = /bin/sh;
			shellScript = "\"${PODS_ROOT}/Target Support Files/Pods-Agua/Pods-Agua-frameworks.sh\"\n";
			showEnvVarsInLog = 0;
		};
		F07FAB00D5C45377B66C1CFD /* [CP] Check Pods Manifest.lock */ = {
			isa = PBXShellScriptBuildPhase;
			buildActionMask = 2147483647;
			files = (
			);
			inputFileListPaths = (
			);
			inputPaths = (
				"${PODS_PODFILE_DIR_PATH}/Podfile.lock",
				"${PODS_ROOT}/Manifest.lock",
			);
			name = "[CP] Check Pods Manifest.lock";
			outputFileListPaths = (
			);
			outputPaths = (
				"$(DERIVED_FILE_DIR)/Pods-Agua-checkManifestLockResult.txt",
			);
			runOnlyForDeploymentPostprocessing = 0;
			shellPath = /bin/sh;
			shellScript = "diff \"${PODS_PODFILE_DIR_PATH}/Podfile.lock\" \"${PODS_ROOT}/Manifest.lock\" > /dev/null\nif [ $? != 0 ] ; then\n    # print error to STDERR\n    echo \"error: The sandbox is not in sync with the Podfile.lock. Run 'pod install' or update your CocoaPods installation.\" >&2\n    exit 1\nfi\n# This output is used by Xcode 'outputs' to avoid re-running this script phase.\necho \"SUCCESS\" > \"${SCRIPT_OUTPUT_FILE_0}\"\n";
			showEnvVarsInLog = 0;
		};
/* End PBXShellScriptBuildPhase section */

/* Begin PBXSourcesBuildPhase section */
		273041D92270BBF000CE4F8E /* Sources */ = {
			isa = PBXSourcesBuildPhase;
			buildActionMask = 2147483647;
			files = (
				273041E32270BBF000CE4F8E /* ViewController.swift in Sources */,
				27D9116322717EB700404482 /* Car.swift in Sources */,
				273041E12270BBF000CE4F8E /* AppDelegate.swift in Sources */,
				27827BE0227299C300592CFB /* Water.swift in Sources */,
				273041F82270CC6600CE4F8E /* ViewControllerTableViewCell.swift in Sources */,
			);
			runOnlyForDeploymentPostprocessing = 0;
		};
/* End PBXSourcesBuildPhase section */

/* Begin PBXVariantGroup section */
		273041E42270BBF000CE4F8E /* Main.storyboard */ = {
			isa = PBXVariantGroup;
			children = (
				273041E52270BBF000CE4F8E /* Base */,
			);
			name = Main.storyboard;
			sourceTree = "<group>";
		};
		273041E92270BBF100CE4F8E /* LaunchScreen.storyboard */ = {
			isa = PBXVariantGroup;
			children = (
				273041EA2270BBF100CE4F8E /* Base */,
			);
			name = LaunchScreen.storyboard;
			sourceTree = "<group>";
		};
/* End PBXVariantGroup section */

/* Begin XCBuildConfiguration section */
		273041ED2270BBF100CE4F8E /* Debug */ = {
			isa = XCBuildConfiguration;
			buildSettings = {
				ALWAYS_SEARCH_USER_PATHS = NO;
				CLANG_ANALYZER_NONNULL = YES;
				CLANG_ANALYZER_NUMBER_OBJECT_CONVERSION = YES_AGGRESSIVE;
				CLANG_CXX_LANGUAGE_STANDARD = "gnu++14";
				CLANG_CXX_LIBRARY = "libc++";
				CLANG_ENABLE_MODULES = YES;
				CLANG_ENABLE_OBJC_ARC = YES;
				CLANG_ENABLE_OBJC_WEAK = YES;
				CLANG_WARN_BLOCK_CAPTURE_AUTORELEASING = YES;
				CLANG_WARN_BOOL_CONVERSION = YES;
				CLANG_WARN_COMMA = YES;
				CLANG_WARN_CONSTANT_CONVERSION = YES;
				CLANG_WARN_DEPRECATED_OBJC_IMPLEMENTATIONS = YES;
				CLANG_WARN_DIRECT_OBJC_ISA_USAGE = YES_ERROR;
				CLANG_WARN_DOCUMENTATION_COMMENTS = YES;
				CLANG_WARN_EMPTY_BODY = YES;
				CLANG_WARN_ENUM_CONVERSION = YES;
				CLANG_WARN_INFINITE_RECURSION = YES;
				CLANG_WARN_INT_CONVERSION = YES;
				CLANG_WARN_NON_LITERAL_NULL_CONVERSION = YES;
				CLANG_WARN_OBJC_IMPLICIT_RETAIN_SELF = YES;
				CLANG_WARN_OBJC_LITERAL_CONVERSION = YES;
				CLANG_WARN_OBJC_ROOT_CLASS = YES_ERROR;
				CLANG_WARN_RANGE_LOOP_ANALYSIS = YES;
				CLANG_WARN_STRICT_PROTOTYPES = YES;
				CLANG_WARN_SUSPICIOUS_MOVE = YES;
				CLANG_WARN_UNGUARDED_AVAILABILITY = YES_AGGRESSIVE;
				CLANG_WARN_UNREACHABLE_CODE = YES;
				CLANG_WARN__DUPLICATE_METHOD_MATCH = YES;
				CODE_SIGN_IDENTITY = "iPhone Developer";
				COPY_PHASE_STRIP = NO;
				DEBUG_INFORMATION_FORMAT = dwarf;
				ENABLE_STRICT_OBJC_MSGSEND = YES;
				ENABLE_TESTABILITY = YES;
				GCC_C_LANGUAGE_STANDARD = gnu11;
				GCC_DYNAMIC_NO_PIC = NO;
				GCC_NO_COMMON_BLOCKS = YES;
				GCC_OPTIMIZATION_LEVEL = 0;
				GCC_PREPROCESSOR_DEFINITIONS = (
					"DEBUG=1",
					"$(inherited)",
				);
				GCC_WARN_64_TO_32_BIT_CONVERSION = YES;
				GCC_WARN_ABOUT_RETURN_TYPE = YES_ERROR;
				GCC_WARN_UNDECLARED_SELECTOR = YES;
				GCC_WARN_UNINITIALIZED_AUTOS = YES_AGGRESSIVE;
				GCC_WARN_UNUSED_FUNCTION = YES;
				GCC_WARN_UNUSED_VARIABLE = YES;
				IPHONEOS_DEPLOYMENT_TARGET = 12.2;
				MTL_ENABLE_DEBUG_INFO = INCLUDE_SOURCE;
				MTL_FAST_MATH = YES;
				ONLY_ACTIVE_ARCH = YES;
				SDKROOT = iphoneos;
				SWIFT_ACTIVE_COMPILATION_CONDITIONS = DEBUG;
				SWIFT_OPTIMIZATION_LEVEL = "-Onone";
			};
			name = Debug;
		};
		273041EE2270BBF100CE4F8E /* Release */ = {
			isa = XCBuildConfiguration;
			buildSettings = {
				ALWAYS_SEARCH_USER_PATHS = NO;
				CLANG_ANALYZER_NONNULL = YES;
				CLANG_ANALYZER_NUMBER_OBJECT_CONVERSION = YES_AGGRESSIVE;
				CLANG_CXX_LANGUAGE_STANDARD = "gnu++14";
				CLANG_CXX_LIBRARY = "libc++";
				CLANG_ENABLE_MODULES = YES;
				CLANG_ENABLE_OBJC_ARC = YES;
				CLANG_ENABLE_OBJC_WEAK = YES;
				CLANG_WARN_BLOCK_CAPTURE_AUTORELEASING = YES;
				CLANG_WARN_BOOL_CONVERSION = YES;
				CLANG_WARN_COMMA = YES;
				CLANG_WARN_CONSTANT_CONVERSION = YES;
				CLANG_WARN_DEPRECATED_OBJC_IMPLEMENTATIONS = YES;
				CLANG_WARN_DIRECT_OBJC_ISA_USAGE = YES_ERROR;
				CLANG_WARN_DOCUMENTATION_COMMENTS = YES;
				CLANG_WARN_EMPTY_BODY = YES;
				CLANG_WARN_ENUM_CONVERSION = YES;
				CLANG_WARN_INFINITE_RECURSION = YES;
				CLANG_WARN_INT_CONVERSION = YES;
				CLANG_WARN_NON_LITERAL_NULL_CONVERSION = YES;
				CLANG_WARN_OBJC_IMPLICIT_RETAIN_SELF = YES;
				CLANG_WARN_OBJC_LITERAL_CONVERSION = YES;
				CLANG_WARN_OBJC_ROOT_CLASS = YES_ERROR;
				CLANG_WARN_RANGE_LOOP_ANALYSIS = YES;
				CLANG_WARN_STRICT_PROTOTYPES = YES;
				CLANG_WARN_SUSPICIOUS_MOVE = YES;
				CLANG_WARN_UNGUARDED_AVAILABILITY = YES_AGGRESSIVE;
				CLANG_WARN_UNREACHABLE_CODE = YES;
				CLANG_WARN__DUPLICATE_METHOD_MATCH = YES;
				CODE_SIGN_IDENTITY = "iPhone Developer";
				COPY_PHASE_STRIP = NO;
				DEBUG_INFORMATION_FORMAT = "dwarf-with-dsym";
				ENABLE_NS_ASSERTIONS = NO;
				ENABLE_STRICT_OBJC_MSGSEND = YES;
				GCC_C_LANGUAGE_STANDARD = gnu11;
				GCC_NO_COMMON_BLOCKS = YES;
				GCC_WARN_64_TO_32_BIT_CONVERSION = YES;
				GCC_WARN_ABOUT_RETURN_TYPE = YES_ERROR;
				GCC_WARN_UNDECLARED_SELECTOR = YES;
				GCC_WARN_UNINITIALIZED_AUTOS = YES_AGGRESSIVE;
				GCC_WARN_UNUSED_FUNCTION = YES;
				GCC_WARN_UNUSED_VARIABLE = YES;
				IPHONEOS_DEPLOYMENT_TARGET = 12.2;
				MTL_ENABLE_DEBUG_INFO = NO;
				MTL_FAST_MATH = YES;
				SDKROOT = iphoneos;
				SWIFT_COMPILATION_MODE = wholemodule;
				SWIFT_OPTIMIZATION_LEVEL = "-O";
				VALIDATE_PRODUCT = YES;
			};
			name = Release;
		};
		273041F02270BBF100CE4F8E /* Debug */ = {
			isa = XCBuildConfiguration;
			baseConfigurationReference = 1D25970E0199368C2D05128E /* Pods-Agua.debug.xcconfig */;
			buildSettings = {
				ASSETCATALOG_COMPILER_APPICON_NAME = AppIcon;
				CODE_SIGN_STYLE = Automatic;
				INFOPLIST_FILE = "$(SRCROOT)/Agua/Info.plist";
				LD_RUNPATH_SEARCH_PATHS = (
					"$(inherited)",
					"@executable_path/Frameworks",
				);
				PRODUCT_BUNDLE_IDENTIFIER = com.utng.Agua;
				PRODUCT_NAME = "$(TARGET_NAME)";
				SWIFT_VERSION = 5.0;
				TARGETED_DEVICE_FAMILY = "1,2";
			};
			name = Debug;
		};
		273041F12270BBF100CE4F8E /* Release */ = {
			isa = XCBuildConfiguration;
			baseConfigurationReference = EAF569382A8A9981D643A3AB /* Pods-Agua.release.xcconfig */;
			buildSettings = {
				ASSETCATALOG_COMPILER_APPICON_NAME = AppIcon;
				CODE_SIGN_STYLE = Automatic;
				INFOPLIST_FILE = "$(SRCROOT)/Agua/Info.plist";
				LD_RUNPATH_SEARCH_PATHS = (
					"$(inherited)",
					"@executable_path/Frameworks",
				);
				PRODUCT_BUNDLE_IDENTIFIER = com.utng.Agua;
				PRODUCT_NAME = "$(TARGET_NAME)";
				SWIFT_VERSION = 5.0;
				TARGETED_DEVICE_FAMILY = "1,2";
			};
			name = Release;
		};
/* End XCBuildConfiguration section */

/* Begin XCConfigurationList section */
		273041D82270BBF000CE4F8E /* Build configuration list for PBXProject "Agua" */ = {
			isa = XCConfigurationList;
			buildConfigurations = (
				273041ED2270BBF100CE4F8E /* Debug */,
				273041EE2270BBF100CE4F8E /* Release */,
			);
			defaultConfigurationIsVisible = 0;
			defaultConfigurationName = Release;
		};
		273041EF2270BBF100CE4F8E /* Build configuration list for PBXNativeTarget "Agua" */ = {
			isa = XCConfigurationList;
			buildConfigurations = (
				273041F02270BBF100CE4F8E /* Debug */,
				273041F12270BBF100CE4F8E /* Release */,
			);
			defaultConfigurationIsVisible = 0;
			defaultConfigurationName = Release;
		};
/* End XCConfigurationList section */
	};
	rootObject = 273041D52270BBF000CE4F8E /* Project object */;
}
